// !$*UTF8*$!
{
	archiveVersion = 1;
	classes = {
	};
	objectVersion = 50;
	objects = {

/* Begin PBXBuildFile section */
		CC2C3E29221B8B2B00C94236 /* AudioTrackControl.swift in Sources */ = {isa = PBXBuildFile; fileRef = CC2C3E28221B8B2A00C94236 /* AudioTrackControl.swift */; };
		CC2C3E2B221B8BE800C94236 /* AudioData.swift in Sources */ = {isa = PBXBuildFile; fileRef = CC2C3E2A221B8BE800C94236 /* AudioData.swift */; };
		CC2C3E2F221B9C0500C94236 /* Audible.swift in Sources */ = {isa = PBXBuildFile; fileRef = CC2C3E2E221B9C0500C94236 /* Audible.swift */; };
		CC4A32A921FE97AA006A3FE2 /* SpotifyClient.swift in Sources */ = {isa = PBXBuildFile; fileRef = CC4A32A821FE97AA006A3FE2 /* SpotifyClient.swift */; };
		CC4F9366220520AB00FDEA3F /* SpotifyAudioPlayback.framework in Frameworks */ = {isa = PBXBuildFile; fileRef = CC4F9365220520AB00FDEA3F /* SpotifyAudioPlayback.framework */; };
		CC5F1EAF221B26AB00A51D82 /* Drawable.swift in Sources */ = {isa = PBXBuildFile; fileRef = CC5F1EAE221B26AB00A51D82 /* Drawable.swift */; };
		CC5F1EB8221B2D0300A51D82 /* Trackable.swift in Sources */ = {isa = PBXBuildFile; fileRef = CC5F1EB7221B2D0300A51D82 /* Trackable.swift */; };
		CC5F1EBA221B345100A51D82 /* ControlSurface.swift in Sources */ = {isa = PBXBuildFile; fileRef = CC5F1EB9221B345100A51D82 /* ControlSurface.swift */; };
		CC6F84D721FE7BE300D1C585 /* AppDelegate.swift in Sources */ = {isa = PBXBuildFile; fileRef = CC6F84D621FE7BE300D1C585 /* AppDelegate.swift */; };
		CC6F84D921FE7BE300D1C585 /* ViewController.swift in Sources */ = {isa = PBXBuildFile; fileRef = CC6F84D821FE7BE300D1C585 /* ViewController.swift */; };
		CC6F84DC21FE7BE300D1C585 /* Main.storyboard in Resources */ = {isa = PBXBuildFile; fileRef = CC6F84DA21FE7BE300D1C585 /* Main.storyboard */; };
		CC6F84DE21FE7BE500D1C585 /* Assets.xcassets in Resources */ = {isa = PBXBuildFile; fileRef = CC6F84DD21FE7BE500D1C585 /* Assets.xcassets */; };
		CC6F84E121FE7BE500D1C585 /* LaunchScreen.storyboard in Resources */ = {isa = PBXBuildFile; fileRef = CC6F84DF21FE7BE500D1C585 /* LaunchScreen.storyboard */; };
		CC6F84EC21FE7BE500D1C585 /* MusicAppTests.swift in Sources */ = {isa = PBXBuildFile; fileRef = CC6F84EB21FE7BE500D1C585 /* MusicAppTests.swift */; };
		CC6F84F721FE7BE500D1C585 /* MusicAppUITests.swift in Sources */ = {isa = PBXBuildFile; fileRef = CC6F84F621FE7BE500D1C585 /* MusicAppUITests.swift */; };
		CC8C44DB21FE931800DD8F14 /* SpotifyiOS.framework in Frameworks */ = {isa = PBXBuildFile; fileRef = CC8C44DA21FE931800DD8F14 /* SpotifyiOS.framework */; };
/* End PBXBuildFile section */

/* Begin PBXContainerItemProxy section */
		CC6F84E821FE7BE500D1C585 /* PBXContainerItemProxy */ = {
			isa = PBXContainerItemProxy;
			containerPortal = CC6F84CB21FE7BE300D1C585 /* Project object */;
			proxyType = 1;
			remoteGlobalIDString = CC6F84D221FE7BE300D1C585;
			remoteInfo = MusicApp;
		};
		CC6F84F321FE7BE500D1C585 /* PBXContainerItemProxy */ = {
			isa = PBXContainerItemProxy;
			containerPortal = CC6F84CB21FE7BE300D1C585 /* Project object */;
			proxyType = 1;
			remoteGlobalIDString = CC6F84D221FE7BE300D1C585;
			remoteInfo = MusicApp;
		};
/* End PBXContainerItemProxy section */

/* Begin PBXFileReference section */
		CC2C3E28221B8B2A00C94236 /* AudioTrackControl.swift */ = {isa = PBXFileReference; lastKnownFileType = sourcecode.swift; path = AudioTrackControl.swift; sourceTree = "<group>"; };
		CC2C3E2A221B8BE800C94236 /* AudioData.swift */ = {isa = PBXFileReference; lastKnownFileType = sourcecode.swift; path = AudioData.swift; sourceTree = "<group>"; };
		CC2C3E2E221B9C0500C94236 /* Audible.swift */ = {isa = PBXFileReference; lastKnownFileType = sourcecode.swift; path = Audible.swift; sourceTree = "<group>"; };
		CC4A32A821FE97AA006A3FE2 /* SpotifyClient.swift */ = {isa = PBXFileReference; lastKnownFileType = sourcecode.swift; path = SpotifyClient.swift; sourceTree = "<group>"; };
		CC4F9365220520AB00FDEA3F /* SpotifyAudioPlayback.framework */ = {isa = PBXFileReference; lastKnownFileType = wrapper.framework; path = SpotifyAudioPlayback.framework; sourceTree = "<group>"; };
		CC5F1EAE221B26AB00A51D82 /* Drawable.swift */ = {isa = PBXFileReference; lastKnownFileType = sourcecode.swift; path = Drawable.swift; sourceTree = "<group>"; };
		CC5F1EB7221B2D0300A51D82 /* Trackable.swift */ = {isa = PBXFileReference; lastKnownFileType = sourcecode.swift; path = Trackable.swift; sourceTree = "<group>"; };
		CC5F1EB9221B345100A51D82 /* ControlSurface.swift */ = {isa = PBXFileReference; lastKnownFileType = sourcecode.swift; path = ControlSurface.swift; sourceTree = "<group>"; };
		CC6F84D321FE7BE300D1C585 /* MusicApp.app */ = {isa = PBXFileReference; explicitFileType = wrapper.application; includeInIndex = 0; path = MusicApp.app; sourceTree = BUILT_PRODUCTS_DIR; };
		CC6F84D621FE7BE300D1C585 /* AppDelegate.swift */ = {isa = PBXFileReference; lastKnownFileType = sourcecode.swift; path = AppDelegate.swift; sourceTree = "<group>"; };
		CC6F84D821FE7BE300D1C585 /* ViewController.swift */ = {isa = PBXFileReference; lastKnownFileType = sourcecode.swift; path = ViewController.swift; sourceTree = "<group>"; };
		CC6F84DB21FE7BE300D1C585 /* Base */ = {isa = PBXFileReference; lastKnownFileType = file.storyboard; name = Base; path = Base.lproj/Main.storyboard; sourceTree = "<group>"; };
		CC6F84DD21FE7BE500D1C585 /* Assets.xcassets */ = {isa = PBXFileReference; lastKnownFileType = folder.assetcatalog; path = Assets.xcassets; sourceTree = "<group>"; };
		CC6F84E021FE7BE500D1C585 /* Base */ = {isa = PBXFileReference; lastKnownFileType = file.storyboard; name = Base; path = Base.lproj/LaunchScreen.storyboard; sourceTree = "<group>"; };
		CC6F84E221FE7BE500D1C585 /* Info.plist */ = {isa = PBXFileReference; lastKnownFileType = text.plist.xml; path = Info.plist; sourceTree = "<group>"; };
		CC6F84E721FE7BE500D1C585 /* MusicAppTests.xctest */ = {isa = PBXFileReference; explicitFileType = wrapper.cfbundle; includeInIndex = 0; path = MusicAppTests.xctest; sourceTree = BUILT_PRODUCTS_DIR; };
		CC6F84EB21FE7BE500D1C585 /* MusicAppTests.swift */ = {isa = PBXFileReference; lastKnownFileType = sourcecode.swift; path = MusicAppTests.swift; sourceTree = "<group>"; };
		CC6F84ED21FE7BE500D1C585 /* Info.plist */ = {isa = PBXFileReference; lastKnownFileType = text.plist.xml; path = Info.plist; sourceTree = "<group>"; };
		CC6F84F221FE7BE500D1C585 /* MusicAppUITests.xctest */ = {isa = PBXFileReference; explicitFileType = wrapper.cfbundle; includeInIndex = 0; path = MusicAppUITests.xctest; sourceTree = BUILT_PRODUCTS_DIR; };
		CC6F84F621FE7BE500D1C585 /* MusicAppUITests.swift */ = {isa = PBXFileReference; lastKnownFileType = sourcecode.swift; path = MusicAppUITests.swift; sourceTree = "<group>"; };
		CC6F84F821FE7BE500D1C585 /* Info.plist */ = {isa = PBXFileReference; lastKnownFileType = text.plist.xml; path = Info.plist; sourceTree = "<group>"; };
		CC8C44DA21FE931800DD8F14 /* SpotifyiOS.framework */ = {isa = PBXFileReference; lastKnownFileType = wrapper.framework; path = SpotifyiOS.framework; sourceTree = "<group>"; };
		CC8C44DC21FE958800DD8F14 /* MusicApp-Bridging-Header.h */ = {isa = PBXFileReference; lastKnownFileType = sourcecode.c.h; path = "MusicApp-Bridging-Header.h"; sourceTree = "<group>"; };
/* End PBXFileReference section */

/* Begin PBXFrameworksBuildPhase section */
		CC6F84D021FE7BE300D1C585 /* Frameworks */ = {
			isa = PBXFrameworksBuildPhase;
			buildActionMask = 2147483647;
			files = (
				CC8C44DB21FE931800DD8F14 /* SpotifyiOS.framework in Frameworks */,
				CC4F9366220520AB00FDEA3F /* SpotifyAudioPlayback.framework in Frameworks */,
			);
			runOnlyForDeploymentPostprocessing = 0;
		};
		CC6F84E421FE7BE500D1C585 /* Frameworks */ = {
			isa = PBXFrameworksBuildPhase;
			buildActionMask = 2147483647;
			files = (
			);
			runOnlyForDeploymentPostprocessing = 0;
		};
		CC6F84EF21FE7BE500D1C585 /* Frameworks */ = {
			isa = PBXFrameworksBuildPhase;
			buildActionMask = 2147483647;
			files = (
			);
			runOnlyForDeploymentPostprocessing = 0;
		};
/* End PBXFrameworksBuildPhase section */

/* Begin PBXGroup section */
		CC5F1EAD221B261F00A51D82 /* protocols */ = {
			isa = PBXGroup;
			children = (
				CC5F1EAE221B26AB00A51D82 /* Drawable.swift */,
				CC5F1EB7221B2D0300A51D82 /* Trackable.swift */,
				CC2C3E2A221B8BE800C94236 /* AudioData.swift */,
				CC2C3E2E221B9C0500C94236 /* Audible.swift */,
			);
			path = protocols;
			sourceTree = "<group>";
		};
		CC5F1EB0221B28EF00A51D82 /* AppModules */ = {
			isa = PBXGroup;
			children = (
				CC5F1EB1221B290000A51D82 /* AudioPlayer */,
			);
			path = AppModules;
			sourceTree = "<group>";
		};
		CC5F1EB1221B290000A51D82 /* AudioPlayer */ = {
			isa = PBXGroup;
			children = (
			);
			path = AudioPlayer;
			sourceTree = "<group>";
		};
		CC5F1EB2221B291800A51D82 /* Classes */ = {
			isa = PBXGroup;
			children = (
				CC5F1EB9221B345100A51D82 /* ControlSurface.swift */,
				CC2C3E28221B8B2A00C94236 /* AudioTrackControl.swift */,
			);
			path = Classes;
			sourceTree = "<group>";
		};
		CC6F84CA21FE7BE300D1C585 = {
			isa = PBXGroup;
			children = (
				CC8C44DC21FE958800DD8F14 /* MusicApp-Bridging-Header.h */,
				CC6F84D521FE7BE300D1C585 /* MusicApp */,
				CC4F9365220520AB00FDEA3F /* SpotifyAudioPlayback.framework */,
				CC6F84EA21FE7BE500D1C585 /* MusicAppTests */,
				CC6F84F521FE7BE500D1C585 /* MusicAppUITests */,
				CC6F84D421FE7BE300D1C585 /* Products */,
				CC8C44DA21FE931800DD8F14 /* SpotifyiOS.framework */,
			);
			sourceTree = "<group>";
		};
		CC6F84D421FE7BE300D1C585 /* Products */ = {
			isa = PBXGroup;
			children = (
				CC6F84D321FE7BE300D1C585 /* MusicApp.app */,
				CC6F84E721FE7BE500D1C585 /* MusicAppTests.xctest */,
				CC6F84F221FE7BE500D1C585 /* MusicAppUITests.xctest */,
			);
			name = Products;
			sourceTree = "<group>";
		};
		CC6F84D521FE7BE300D1C585 /* MusicApp */ = {
			isa = PBXGroup;
			children = (
				CC5F1EB2221B291800A51D82 /* Classes */,
				CC5F1EAD221B261F00A51D82 /* protocols */,
				CC5F1EB0221B28EF00A51D82 /* AppModules */,
				CC6F84D621FE7BE300D1C585 /* AppDelegate.swift */,
				CC6F84D821FE7BE300D1C585 /* ViewController.swift */,
				CC6F84DA21FE7BE300D1C585 /* Main.storyboard */,
				CC6F84DD21FE7BE500D1C585 /* Assets.xcassets */,
				CC6F84DF21FE7BE500D1C585 /* LaunchScreen.storyboard */,
				CC6F84E221FE7BE500D1C585 /* Info.plist */,
				CC4A32A821FE97AA006A3FE2 /* SpotifyClient.swift */,
			);
			path = MusicApp;
			sourceTree = "<group>";
		};
		CC6F84EA21FE7BE500D1C585 /* MusicAppTests */ = {
			isa = PBXGroup;
			children = (
				CC6F84EB21FE7BE500D1C585 /* MusicAppTests.swift */,
				CC6F84ED21FE7BE500D1C585 /* Info.plist */,
			);
			path = MusicAppTests;
			sourceTree = "<group>";
		};
		CC6F84F521FE7BE500D1C585 /* MusicAppUITests */ = {
			isa = PBXGroup;
			children = (
				CC6F84F621FE7BE500D1C585 /* MusicAppUITests.swift */,
				CC6F84F821FE7BE500D1C585 /* Info.plist */,
			);
			path = MusicAppUITests;
			sourceTree = "<group>";
		};
/* End PBXGroup section */

/* Begin PBXNativeTarget section */
		CC6F84D221FE7BE300D1C585 /* MusicApp */ = {
			isa = PBXNativeTarget;
			buildConfigurationList = CC6F84FB21FE7BE500D1C585 /* Build configuration list for PBXNativeTarget "MusicApp" */;
			buildPhases = (
				CC6F84CF21FE7BE300D1C585 /* Sources */,
				CC6F84D021FE7BE300D1C585 /* Frameworks */,
				CC6F84D121FE7BE300D1C585 /* Resources */,
			);
			buildRules = (
			);
			dependencies = (
			);
			name = MusicApp;
			productName = MusicApp;
			productReference = CC6F84D321FE7BE300D1C585 /* MusicApp.app */;
			productType = "com.apple.product-type.application";
		};
		CC6F84E621FE7BE500D1C585 /* MusicAppTests */ = {
			isa = PBXNativeTarget;
			buildConfigurationList = CC6F84FE21FE7BE500D1C585 /* Build configuration list for PBXNativeTarget "MusicAppTests" */;
			buildPhases = (
				CC6F84E321FE7BE500D1C585 /* Sources */,
				CC6F84E421FE7BE500D1C585 /* Frameworks */,
				CC6F84E521FE7BE500D1C585 /* Resources */,
			);
			buildRules = (
			);
			dependencies = (
				CC6F84E921FE7BE500D1C585 /* PBXTargetDependency */,
			);
			name = MusicAppTests;
			productName = MusicAppTests;
			productReference = CC6F84E721FE7BE500D1C585 /* MusicAppTests.xctest */;
			productType = "com.apple.product-type.bundle.unit-test";
		};
		CC6F84F121FE7BE500D1C585 /* MusicAppUITests */ = {
			isa = PBXNativeTarget;
			buildConfigurationList = CC6F850121FE7BE500D1C585 /* Build configuration list for PBXNativeTarget "MusicAppUITests" */;
			buildPhases = (
				CC6F84EE21FE7BE500D1C585 /* Sources */,
				CC6F84EF21FE7BE500D1C585 /* Frameworks */,
				CC6F84F021FE7BE500D1C585 /* Resources */,
			);
			buildRules = (
			);
			dependencies = (
				CC6F84F421FE7BE500D1C585 /* PBXTargetDependency */,
			);
			name = MusicAppUITests;
			productName = MusicAppUITests;
			productReference = CC6F84F221FE7BE500D1C585 /* MusicAppUITests.xctest */;
			productType = "com.apple.product-type.bundle.ui-testing";
		};
/* End PBXNativeTarget section */

/* Begin PBXProject section */
		CC6F84CB21FE7BE300D1C585 /* Project object */ = {
			isa = PBXProject;
			attributes = {
				LastSwiftUpdateCheck = 1010;
				LastUpgradeCheck = 1010;
				ORGANIZATIONNAME = "Nestor Hernandez";
				TargetAttributes = {
					CC6F84D221FE7BE300D1C585 = {
						CreatedOnToolsVersion = 10.1;
					};
					CC6F84E621FE7BE500D1C585 = {
						CreatedOnToolsVersion = 10.1;
						TestTargetID = CC6F84D221FE7BE300D1C585;
					};
					CC6F84F121FE7BE500D1C585 = {
						CreatedOnToolsVersion = 10.1;
						TestTargetID = CC6F84D221FE7BE300D1C585;
					};
				};
			};
			buildConfigurationList = CC6F84CE21FE7BE300D1C585 /* Build configuration list for PBXProject "MusicApp" */;
			compatibilityVersion = "Xcode 9.3";
			developmentRegion = en;
			hasScannedForEncodings = 0;
			knownRegions = (
				en,
				Base,
			);
			mainGroup = CC6F84CA21FE7BE300D1C585;
			productRefGroup = CC6F84D421FE7BE300D1C585 /* Products */;
			projectDirPath = "";
			projectRoot = "";
			targets = (
				CC6F84D221FE7BE300D1C585 /* MusicApp */,
				CC6F84E621FE7BE500D1C585 /* MusicAppTests */,
				CC6F84F121FE7BE500D1C585 /* MusicAppUITests */,
			);
		};
/* End PBXProject section */

/* Begin PBXResourcesBuildPhase section */
		CC6F84D121FE7BE300D1C585 /* Resources */ = {
			isa = PBXResourcesBuildPhase;
			buildActionMask = 2147483647;
			files = (
				CC6F84E121FE7BE500D1C585 /* LaunchScreen.storyboard in Resources */,
				CC6F84DE21FE7BE500D1C585 /* Assets.xcassets in Resources */,
				CC6F84DC21FE7BE300D1C585 /* Main.storyboard in Resources */,
			);
			runOnlyForDeploymentPostprocessing = 0;
		};
		CC6F84E521FE7BE500D1C585 /* Resources */ = {
			isa = PBXResourcesBuildPhase;
			buildActionMask = 2147483647;
			files = (
			);
			runOnlyForDeploymentPostprocessing = 0;
		};
		CC6F84F021FE7BE500D1C585 /* Resources */ = {
			isa = PBXResourcesBuildPhase;
			buildActionMask = 2147483647;
			files = (
			);
			runOnlyForDeploymentPostprocessing = 0;
		};
/* End PBXResourcesBuildPhase section */

/* Begin PBXSourcesBuildPhase section */
		CC6F84CF21FE7BE300D1C585 /* Sources */ = {
			isa = PBXSourcesBuildPhase;
			buildActionMask = 2147483647;
			files = (
				CC6F84D921FE7BE300D1C585 /* ViewController.swift in Sources */,
				CC2C3E2F221B9C0500C94236 /* Audible.swift in Sources */,
				CC6F84D721FE7BE300D1C585 /* AppDelegate.swift in Sources */,
				CC4A32A921FE97AA006A3FE2 /* SpotifyClient.swift in Sources */,
				CC5F1EAF221B26AB00A51D82 /* Drawable.swift in Sources */,
				CC2C3E29221B8B2B00C94236 /* AudioTrackControl.swift in Sources */,
				CC5F1EBA221B345100A51D82 /* ControlSurface.swift in Sources */,
				CC2C3E2B221B8BE800C94236 /* AudioData.swift in Sources */,
				CC5F1EB8221B2D0300A51D82 /* Trackable.swift in Sources */,
			);
			runOnlyForDeploymentPostprocessing = 0;
		};
		CC6F84E321FE7BE500D1C585 /* Sources */ = {
			isa = PBXSourcesBuildPhase;
			buildActionMask = 2147483647;
			files = (
				CC6F84EC21FE7BE500D1C585 /* MusicAppTests.swift in Sources */,
			);
			runOnlyForDeploymentPostprocessing = 0;
		};
		CC6F84EE21FE7BE500D1C585 /* Sources */ = {
			isa = PBXSourcesBuildPhase;
			buildActionMask = 2147483647;
			files = (
				CC6F84F721FE7BE500D1C585 /* MusicAppUITests.swift in Sources */,
			);
			runOnlyForDeploymentPostprocessing = 0;
		};
/* End PBXSourcesBuildPhase section */

/* Begin PBXTargetDependency section */
		CC6F84E921FE7BE500D1C585 /* PBXTargetDependency */ = {
			isa = PBXTargetDependency;
			target = CC6F84D221FE7BE300D1C585 /* MusicApp */;
			targetProxy = CC6F84E821FE7BE500D1C585 /* PBXContainerItemProxy */;
		};
		CC6F84F421FE7BE500D1C585 /* PBXTargetDependency */ = {
			isa = PBXTargetDependency;
			target = CC6F84D221FE7BE300D1C585 /* MusicApp */;
			targetProxy = CC6F84F321FE7BE500D1C585 /* PBXContainerItemProxy */;
		};
/* End PBXTargetDependency section */

/* Begin PBXVariantGroup section */
		CC6F84DA21FE7BE300D1C585 /* Main.storyboard */ = {
			isa = PBXVariantGroup;
			children = (
				CC6F84DB21FE7BE300D1C585 /* Base */,
			);
			name = Main.storyboard;
			sourceTree = "<group>";
		};
		CC6F84DF21FE7BE500D1C585 /* LaunchScreen.storyboard */ = {
			isa = PBXVariantGroup;
			children = (
				CC6F84E021FE7BE500D1C585 /* Base */,
			);
			name = LaunchScreen.storyboard;
			sourceTree = "<group>";
		};
/* End PBXVariantGroup section */

/* Begin XCBuildConfiguration section */
		CC6F84F921FE7BE500D1C585 /* Debug */ = {
			isa = XCBuildConfiguration;
			buildSettings = {
				ALWAYS_SEARCH_USER_PATHS = NO;
				CLANG_ANALYZER_NONNULL = YES;
				CLANG_ANALYZER_NUMBER_OBJECT_CONVERSION = YES_AGGRESSIVE;
				CLANG_CXX_LANGUAGE_STANDARD = "gnu++14";
				CLANG_CXX_LIBRARY = "libc++";
				CLANG_ENABLE_MODULES = YES;
				CLANG_ENABLE_OBJC_ARC = YES;
				CLANG_ENABLE_OBJC_WEAK = YES;
				CLANG_WARN_BLOCK_CAPTURE_AUTORELEASING = YES;
				CLANG_WARN_BOOL_CONVERSION = YES;
				CLANG_WARN_COMMA = YES;
				CLANG_WARN_CONSTANT_CONVERSION = YES;
				CLANG_WARN_DEPRECATED_OBJC_IMPLEMENTATIONS = YES;
				CLANG_WARN_DIRECT_OBJC_ISA_USAGE = YES_ERROR;
				CLANG_WARN_DOCUMENTATION_COMMENTS = YES;
				CLANG_WARN_EMPTY_BODY = YES;
				CLANG_WARN_ENUM_CONVERSION = YES;
				CLANG_WARN_INFINITE_RECURSION = YES;
				CLANG_WARN_INT_CONVERSION = YES;
				CLANG_WARN_NON_LITERAL_NULL_CONVERSION = YES;
				CLANG_WARN_OBJC_IMPLICIT_RETAIN_SELF = YES;
				CLANG_WARN_OBJC_LITERAL_CONVERSION = YES;
				CLANG_WARN_OBJC_ROOT_CLASS = YES_ERROR;
				CLANG_WARN_RANGE_LOOP_ANALYSIS = YES;
				CLANG_WARN_STRICT_PROTOTYPES = YES;
				CLANG_WARN_SUSPICIOUS_MOVE = YES;
				CLANG_WARN_UNGUARDED_AVAILABILITY = YES_AGGRESSIVE;
				CLANG_WARN_UNREACHABLE_CODE = YES;
				CLANG_WARN__DUPLICATE_METHOD_MATCH = YES;
				CODE_SIGN_IDENTITY = "iPhone Developer";
				COPY_PHASE_STRIP = NO;
				DEBUG_INFORMATION_FORMAT = dwarf;
				ENABLE_STRICT_OBJC_MSGSEND = YES;
				ENABLE_TESTABILITY = YES;
				GCC_C_LANGUAGE_STANDARD = gnu11;
				GCC_DYNAMIC_NO_PIC = NO;
				GCC_NO_COMMON_BLOCKS = YES;
				GCC_OPTIMIZATION_LEVEL = 0;
				GCC_PREPROCESSOR_DEFINITIONS = (
					"DEBUG=1",
					"$(inherited)",
				);
				GCC_WARN_64_TO_32_BIT_CONVERSION = YES;
				GCC_WARN_ABOUT_RETURN_TYPE = YES_ERROR;
				GCC_WARN_UNDECLARED_SELECTOR = YES;
				GCC_WARN_UNINITIALIZED_AUTOS = YES_AGGRESSIVE;
				GCC_WARN_UNUSED_FUNCTION = YES;
				GCC_WARN_UNUSED_VARIABLE = YES;
				IPHONEOS_DEPLOYMENT_TARGET = 12.1;
				MTL_ENABLE_DEBUG_INFO = INCLUDE_SOURCE;
				MTL_FAST_MATH = YES;
				ONLY_ACTIVE_ARCH = YES;
				OTHER_LDFLAGS = "-ObjC";
				SDKROOT = iphoneos;
				SWIFT_ACTIVE_COMPILATION_CONDITIONS = DEBUG;
				SWIFT_OBJC_BRIDGING_HEADER = "MusicApp-Bridging-Header.h";
				SWIFT_OPTIMIZATION_LEVEL = "-Onone";
			};
			name = Debug;
		};
		CC6F84FA21FE7BE500D1C585 /* Release */ = {
			isa = XCBuildConfiguration;
			buildSettings = {
				ALWAYS_SEARCH_USER_PATHS = NO;
				CLANG_ANALYZER_NONNULL = YES;
				CLANG_ANALYZER_NUMBER_OBJECT_CONVERSION = YES_AGGRESSIVE;
				CLANG_CXX_LANGUAGE_STANDARD = "gnu++14";
				CLANG_CXX_LIBRARY = "libc++";
				CLANG_ENABLE_MODULES = YES;
				CLANG_ENABLE_OBJC_ARC = YES;
				CLANG_ENABLE_OBJC_WEAK = YES;
				CLANG_WARN_BLOCK_CAPTURE_AUTORELEASING = YES;
				CLANG_WARN_BOOL_CONVERSION = YES;
				CLANG_WARN_COMMA = YES;
				CLANG_WARN_CONSTANT_CONVERSION = YES;
				CLANG_WARN_DEPRECATED_OBJC_IMPLEMENTATIONS = YES;
				CLANG_WARN_DIRECT_OBJC_ISA_USAGE = YES_ERROR;
				CLANG_WARN_DOCUMENTATION_COMMENTS = YES;
				CLANG_WARN_EMPTY_BODY = YES;
				CLANG_WARN_ENUM_CONVERSION = YES;
				CLANG_WARN_INFINITE_RECURSION = YES;
				CLANG_WARN_INT_CONVERSION = YES;
				CLANG_WARN_NON_LITERAL_NULL_CONVERSION = YES;
				CLANG_WARN_OBJC_IMPLICIT_RETAIN_SELF = YES;
				CLANG_WARN_OBJC_LITERAL_CONVERSION = YES;
				CLANG_WARN_OBJC_ROOT_CLASS = YES_ERROR;
				CLANG_WARN_RANGE_LOOP_ANALYSIS = YES;
				CLANG_WARN_STRICT_PROTOTYPES = YES;
				CLANG_WARN_SUSPICIOUS_MOVE = YES;
				CLANG_WARN_UNGUARDED_AVAILABILITY = YES_AGGRESSIVE;
				CLANG_WARN_UNREACHABLE_CODE = YES;
				CLANG_WARN__DUPLICATE_METHOD_MATCH = YES;
				CODE_SIGN_IDENTITY = "iPhone Developer";
				COPY_PHASE_STRIP = NO;
				DEBUG_INFORMATION_FORMAT = "dwarf-with-dsym";
				ENABLE_NS_ASSERTIONS = NO;
				ENABLE_STRICT_OBJC_MSGSEND = YES;
				GCC_C_LANGUAGE_STANDARD = gnu11;
				GCC_NO_COMMON_BLOCKS = YES;
				GCC_WARN_64_TO_32_BIT_CONVERSION = YES;
				GCC_WARN_ABOUT_RETURN_TYPE = YES_ERROR;
				GCC_WARN_UNDECLARED_SELECTOR = YES;
				GCC_WARN_UNINITIALIZED_AUTOS = YES_AGGRESSIVE;
				GCC_WARN_UNUSED_FUNCTION = YES;
				GCC_WARN_UNUSED_VARIABLE = YES;
				IPHONEOS_DEPLOYMENT_TARGET = 12.1;
				MTL_ENABLE_DEBUG_INFO = NO;
				MTL_FAST_MATH = YES;
				OTHER_LDFLAGS = "-ObjC";
				SDKROOT = iphoneos;
				SWIFT_COMPILATION_MODE = wholemodule;
				SWIFT_OBJC_BRIDGING_HEADER = "MusicApp-Bridging-Header.h";
				SWIFT_OPTIMIZATION_LEVEL = "-O";
				VALIDATE_PRODUCT = YES;
			};
			name = Release;
		};
		CC6F84FC21FE7BE500D1C585 /* Debug */ = {
			isa = XCBuildConfiguration;
			buildSettings = {
				ASSETCATALOG_COMPILER_APPICON_NAME = AppIcon;
				CODE_SIGN_STYLE = Automatic;
				DEVELOPMENT_TEAM = GQGZN6D9K9;
				FRAMEWORK_SEARCH_PATHS = (
					"$(inherited)",
					"$(PROJECT_DIR)",
				);
				INFOPLIST_FILE = MusicApp/Info.plist;
				LD_RUNPATH_SEARCH_PATHS = (
					"$(inherited)",
					"@executable_path/Frameworks",
				);
				PRODUCT_BUNDLE_IDENTIFIER = AppLab.MusicApp;
				PRODUCT_NAME = "$(TARGET_NAME)";
				SWIFT_OBJC_BRIDGING_HEADER = "MusicApp-Bridging-Header.h";
				SWIFT_VERSION = 4.2;
				TARGETED_DEVICE_FAMILY = "1,2";
			};
			name = Debug;
		};
		CC6F84FD21FE7BE500D1C585 /* Release */ = {
			isa = XCBuildConfiguration;
			buildSettings = {
				ASSETCATALOG_COMPILER_APPICON_NAME = AppIcon;
				CODE_SIGN_STYLE = Automatic;
				DEVELOPMENT_TEAM = GQGZN6D9K9;
				FRAMEWORK_SEARCH_PATHS = (
					"$(inherited)",
					"$(PROJECT_DIR)",
				);
				INFOPLIST_FILE = MusicApp/Info.plist;
				LD_RUNPATH_SEARCH_PATHS = (
					"$(inherited)",
					"@executable_path/Frameworks",
				);
				PRODUCT_BUNDLE_IDENTIFIER = AppLab.MusicApp;
				PRODUCT_NAME = "$(TARGET_NAME)";
				SWIFT_OBJC_BRIDGING_HEADER = "MusicApp-Bridging-Header.h";
				SWIFT_VERSION = 4.2;
				TARGETED_DEVICE_FAMILY = "1,2";
			};
			name = Release;
		};
		CC6F84FF21FE7BE500D1C585 /* Debug */ = {
			isa = XCBuildConfiguration;
			buildSettings = {
				ALWAYS_EMBED_SWIFT_STANDARD_LIBRARIES = YES;
				BUNDLE_LOADER = "$(TEST_HOST)";
				CODE_SIGN_STYLE = Automatic;
				DEVELOPMENT_TEAM = GQGZN6D9K9;
				INFOPLIST_FILE = MusicAppTests/Info.plist;
				LD_RUNPATH_SEARCH_PATHS = (
					"$(inherited)",
					"@executable_path/Frameworks",
					"@loader_path/Frameworks",
				);
				PRODUCT_BUNDLE_IDENTIFIER = AppLab.MusicAppTests;
				PRODUCT_NAME = "$(TARGET_NAME)";
				SWIFT_VERSION = 4.2;
				TARGETED_DEVICE_FAMILY = "1,2";
				TEST_HOST = "$(BUILT_PRODUCTS_DIR)/MusicApp.app/MusicApp";
			};
			name = Debug;
		};
		CC6F850021FE7BE500D1C585 /* Release */ = {
			isa = XCBuildConfiguration;
			buildSettings = {
				ALWAYS_EMBED_SWIFT_STANDARD_LIBRARIES = YES;
				BUNDLE_LOADER = "$(TEST_HOST)";
				CODE_SIGN_STYLE = Automatic;
				DEVELOPMENT_TEAM = GQGZN6D9K9;
				INFOPLIST_FILE = MusicAppTests/Info.plist;
				LD_RUNPATH_SEARCH_PATHS = (
					"$(inherited)",
					"@executable_path/Frameworks",
					"@loader_path/Frameworks",
				);
				PRODUCT_BUNDLE_IDENTIFIER = AppLab.MusicAppTests;
				PRODUCT_NAME = "$(TARGET_NAME)";
				SWIFT_VERSION = 4.2;
				TARGETED_DEVICE_FAMILY = "1,2";
				TEST_HOST = "$(BUILT_PRODUCTS_DIR)/MusicApp.app/MusicApp";
			};
			name = Release;
		};
		CC6F850221FE7BE500D1C585 /* Debug */ = {
			isa = XCBuildConfiguration;
			buildSettings = {
				ALWAYS_EMBED_SWIFT_STANDARD_LIBRARIES = YES;
				CODE_SIGN_STYLE = Automatic;
				DEVELOPMENT_TEAM = GQGZN6D9K9;
				INFOPLIST_FILE = MusicAppUITests/Info.plist;
				LD_RUNPATH_SEARCH_PATHS = (
					"$(inherited)",
					"@executable_path/Frameworks",
					"@loader_path/Frameworks",
				);
				PRODUCT_BUNDLE_IDENTIFIER = AppLab.MusicAppUITests;
				PRODUCT_NAME = "$(TARGET_NAME)";
				SWIFT_VERSION = 4.2;
				TARGETED_DEVICE_FAMILY = "1,2";
				TEST_TARGET_NAME = MusicApp;
			};
			name = Debug;
		};
		CC6F850321FE7BE500D1C585 /* Release */ = {
			isa = XCBuildConfiguration;
			buildSettings = {
				ALWAYS_EMBED_SWIFT_STANDARD_LIBRARIES = YES;
				CODE_SIGN_STYLE = Automatic;
				DEVELOPMENT_TEAM = GQGZN6D9K9;
				INFOPLIST_FILE = MusicAppUITests/Info.plist;
				LD_RUNPATH_SEARCH_PATHS = (
					"$(inherited)",
					"@executable_path/Frameworks",
					"@loader_path/Frameworks",
				);
				PRODUCT_BUNDLE_IDENTIFIER = AppLab.MusicAppUITests;
				PRODUCT_NAME = "$(TARGET_NAME)";
				SWIFT_VERSION = 4.2;
				TARGETED_DEVICE_FAMILY = "1,2";
				TEST_TARGET_NAME = MusicApp;
			};
			name = Release;
		};
/* End XCBuildConfiguration section */

/* Begin XCConfigurationList section */
		CC6F84CE21FE7BE300D1C585 /* Build configuration list for PBXProject "MusicApp" */ = {
			isa = XCConfigurationList;
			buildConfigurations = (
				CC6F84F921FE7BE500D1C585 /* Debug */,
				CC6F84FA21FE7BE500D1C585 /* Release */,
			);
			defaultConfigurationIsVisible = 0;
			defaultConfigurationName = Release;
		};
		CC6F84FB21FE7BE500D1C585 /* Build configuration list for PBXNativeTarget "MusicApp" */ = {
			isa = XCConfigurationList;
			buildConfigurations = (
				CC6F84FC21FE7BE500D1C585 /* Debug */,
				CC6F84FD21FE7BE500D1C585 /* Release */,
			);
			defaultConfigurationIsVisible = 0;
			defaultConfigurationName = Release;
		};
		CC6F84FE21FE7BE500D1C585 /* Build configuration list for PBXNativeTarget "MusicAppTests" */ = {
			isa = XCConfigurationList;
			buildConfigurations = (
				CC6F84FF21FE7BE500D1C585 /* Debug */,
				CC6F850021FE7BE500D1C585 /* Release */,
			);
			defaultConfigurationIsVisible = 0;
			defaultConfigurationName = Release;
		};
		CC6F850121FE7BE500D1C585 /* Build configuration list for PBXNativeTarget "MusicAppUITests" */ = {
			isa = XCConfigurationList;
			buildConfigurations = (
				CC6F850221FE7BE500D1C585 /* Debug */,
				CC6F850321FE7BE500D1C585 /* Release */,
			);
			defaultConfigurationIsVisible = 0;
			defaultConfigurationName = Release;
		};
/* End XCConfigurationList section */
	};
	rootObject = CC6F84CB21FE7BE300D1C585 /* Project object */;
}
